# This file is autogenerated, do not edit; changes may be undone by the next 'dep ensure'.


[[projects]]
  branch = "master"
  digest = "1:5a8a35c2323f64306651615b855edc31c05c99be7e5d6fb4f3716581ba4e0adf"
  name = "github.com/skip2/go-qrcode"
  packages = [
    ".",
    "bitset",
    "reedsolomon",
  ]
  pruneopts = ""
  revision = "cf5f9fa2f0d847edb8e038db7ed975e239095e1a"

[solve-meta]
  analyzer-name = "dep"
  analyzer-version = 1
  input-imports = ["github.com/skip2/go-qrcode"]
  solver-name = "gps-cdcl"
  solver-version = 1
